
Microsoft Visual Studio Solution File, Format Version 12.00
# Visual Studio 15
VisualStudioVersion = 15.0.27130.2010
MinimumVisualStudioVersion = 10.0.40219.1
Project("{FAE04EC0-301F-11D3-BF4B-00C04F79EFBC}") = "Assingment-2", "Assingment-2\Assingment-2.csproj", "{FCC790C6-AE84-402B-997F-C0816FDE3A6D}"
EndProject
Global
	GlobalSection(SolutionConfigurationPlatforms) = preSolution
		Debug|Any CPU = Debug|Any CPU
		Release|Any CPU = Release|Any CPU
	EndGlobalSection
	GlobalSection(ProjectConfigurationPlatforms) = postSolution
		{FCC790C6-AE84-402B-997F-C0816FDE3A6D}.Debug|Any CPU.ActiveCfg = Debug|Any CPU
		{FCC790C6-AE84-402B-997F-C0816FDE3A6D}.Debug|Any CPU.Build.0 = Debug|Any CPU
		{FCC790C6-AE84-402B-997F-C0816FDE3A6D}.Release|Any CPU.ActiveCfg = Release|Any CPU
		{FCC790C6-AE84-402B-997F-C0816FDE3A6D}.Release|Any CPU.Build.0 = Release|Any CPU
	EndGlobalSection
	GlobalSection(SolutionProperties) = preSolution
		HideSolutionNode = FALSE
	EndGlobalSection
	GlobalSection(ExtensibilityGlobals) = postSolution
		SolutionGuid = {7316A00C-1E67-4E77-8877-EC963C2D8C01}
	EndGlobalSection
EndGlobal
